
Microsoft Visual Studio Solution File, Format Version 12.00
# Visual Studio 15
VisualStudioVersion = 15.0.28307.421
MinimumVisualStudioVersion = 10.0.40219.1
Project("{FAE04EC0-301F-11D3-BF4B-00C04F79EFBC}") = "JourneyThroughLarsauria", "JourneyThroughLarsauria\JourneyThroughLarsauria.csproj", "{869E27EA-7445-4B4C-AB1F-7F999103C983}"
EndProject
Global
	GlobalSection(SolutionConfigurationPlatforms) = preSolution
		Debug|Any CPU = Debug|Any CPU
		Release|Any CPU = Release|Any CPU
	EndGlobalSection
	GlobalSection(ProjectConfigurationPlatforms) = postSolution
		{869E27EA-7445-4B4C-AB1F-7F999103C983}.Debug|Any CPU.ActiveCfg = Debug|Any CPU
		{869E27EA-7445-4B4C-AB1F-7F999103C983}.Debug|Any CPU.Build.0 = Debug|Any CPU
		{869E27EA-7445-4B4C-AB1F-7F999103C983}.Release|Any CPU.ActiveCfg = Release|Any CPU
		{869E27EA-7445-4B4C-AB1F-7F999103C983}.Release|Any CPU.Build.0 = Release|Any CPU
	EndGlobalSection
	GlobalSection(SolutionProperties) = preSolution
		HideSolutionNode = FALSE
	EndGlobalSection
	GlobalSection(ExtensibilityGlobals) = postSolution
		SolutionGuid = {465220C3-0078-469C-A66D-D538D36B0F14}
	EndGlobalSection
EndGlobal
